PODS:
  - battery (0.0.1):
    - Flutter
  - Flutter (1.0.0)

DEPENDENCIES:
  - battery (from `Pods/.symlinks/plugins/battery/ios`)
  - Flutter (from `Pods/.symlinks/flutter/ios`)

EXTERNAL SOURCES:
  battery:
    :path: Pods/.symlinks/plugins/battery/ios
  Flutter:
    :path: Pods/.symlinks/flutter/ios

SPEC CHECKSUMS:
  battery: 8397f8af82e33419d2e07140c96ce2023957cc7d
  Flutter: 9d0fac939486c9aba2809b7982dfdbb47a7b0296

PODFILE CHECKSUM: 13dcf421f4da2e937a57e8ba760ed880beae536f

COCOAPODS: 1.5.0
